{
  "nodes": {
    "nixpkgs": {
      "locked": {
        "lastModified": 1760454928,
        "narHash": "sha256-eFdYcjEKS7qcABq7wLe60+vG+G5YxZNoCMZ17rqL200=",
        "owner": "NixOS",
        "repo": "nixpkgs",
        "rev": "603d100974b30fa148db8d3be24561d261bd7778",
        "type": "github"
      },
      "original": {
        "owner": "NixOS",
        "repo": "nixpkgs",
        "type": "github"
      }
    },
    "root": {
      "inputs": {
        "nixpkgs": "nixpkgs"
      }
    }
  },
  "root": "root",
  "version": 7
}
