{
  "nodes": {
    "nixpkgs": {
      "locked": {
        "lastModified": 1760529949,
        "narHash": "sha256-CJcrzLvu1OObz/s+/XC5sQC/akWKLTpGzPkk9xnbbv8=",
        "owner": "NixOS",
        "repo": "nixpkgs",
        "rev": "dadbe2884320fa558dc4994f286234b917c49a46",
        "type": "github"
      },
      "original": {
        "owner": "NixOS",
        "repo": "nixpkgs",
        "type": "github"
      }
    },
    "root": {
      "inputs": {
        "nixpkgs": "nixpkgs"
      }
    }
  },
  "root": "root",
  "version": 7
}
